
Microsoft Visual Studio Solution File, Format Version 12.00
# Visual Studio Version 17
VisualStudioVersion = 17.6.33712.159
MinimumVisualStudioVersion = 10.0.40219.1
Project("{8BC9CEB8-8B4A-11D0-8D11-00A0C91BC942}") = "HomeWork0518", "HomeWork0518\HomeWork0518.vcxproj", "{A9D0E639-1A31-4250-BE18-30301989C969}"
EndProject
Project("{8BC9CEB8-8B4A-11D0-8D11-00A0C91BC942}") = "HomeWork0519", "HomeWork0519\HomeWork0519.vcxproj", "{8949F4E6-DD42-4783-B5BC-07F825D179C8}"
EndProject
Project("{8BC9CEB8-8B4A-11D0-8D11-00A0C91BC942}") = "HomeWork0522", "HomeWork0522\HomeWork0522.vcxproj", "{7FE8A136-B87F-4A2A-90AC-065A6D36A610}"
EndProject
Project("{8BC9CEB8-8B4A-11D0-8D11-00A0C91BC942}") = "Homework0523", "Homework0523\Homework0523.vcxproj", "{F0F56B2C-3342-42DA-871E-7E878F857062}"
EndProject
Project("{8BC9CEB8-8B4A-11D0-8D11-00A0C91BC942}") = "HomeWork0524", "HomeWork0524\HomeWork0524.vcxproj", "{A93392A6-D8C2-46DD-8045-475F5AE26A58}"
EndProject
Project("{8BC9CEB8-8B4A-11D0-8D11-00A0C91BC942}") = "HomeWork0525", "HomeWork0525\HomeWork0525.vcxproj", "{5E1E3ABE-35C0-4C10-B7F4-4086F3CDE451}"
EndProject
Project("{8BC9CEB8-8B4A-11D0-8D11-00A0C91BC942}") = "HomeWork0526", "HomeWork0526\HomeWork0526.vcxproj", "{747FE9A4-31A3-4847-8F1A-5FF25995571B}"
EndProject
Global
	GlobalSection(SolutionConfigurationPlatforms) = preSolution
		Debug|x64 = Debug|x64
		Debug|x86 = Debug|x86
		Release|x64 = Release|x64
		Release|x86 = Release|x86
	EndGlobalSection
	GlobalSection(ProjectConfigurationPlatforms) = postSolution
		{A9D0E639-1A31-4250-BE18-30301989C969}.Debug|x64.ActiveCfg = Debug|x64
		{A9D0E639-1A31-4250-BE18-30301989C969}.Debug|x64.Build.0 = Debug|x64
		{A9D0E639-1A31-4250-BE18-30301989C969}.Debug|x86.ActiveCfg = Debug|Win32
		{A9D0E639-1A31-4250-BE18-30301989C969}.Debug|x86.Build.0 = Debug|Win32
		{A9D0E639-1A31-4250-BE18-30301989C969}.Release|x64.ActiveCfg = Release|x64
		{A9D0E639-1A31-4250-BE18-30301989C969}.Release|x64.Build.0 = Release|x64
		{A9D0E639-1A31-4250-BE18-30301989C969}.Release|x86.ActiveCfg = Release|Win32
		{A9D0E639-1A31-4250-BE18-30301989C969}.Release|x86.Build.0 = Release|Win32
		{8949F4E6-DD42-4783-B5BC-07F825D179C8}.Debug|x64.ActiveCfg = Debug|x64
		{8949F4E6-DD42-4783-B5BC-07F825D179C8}.Debug|x64.Build.0 = Debug|x64
		{8949F4E6-DD42-4783-B5BC-07F825D179C8}.Debug|x86.ActiveCfg = Debug|Win32
		{8949F4E6-DD42-4783-B5BC-07F825D179C8}.Debug|x86.Build.0 = Debug|Win32
		{8949F4E6-DD42-4783-B5BC-07F825D179C8}.Release|x64.ActiveCfg = Release|x64
		{8949F4E6-DD42-4783-B5BC-07F825D179C8}.Release|x64.Build.0 = Release|x64
		{8949F4E6-DD42-4783-B5BC-07F825D179C8}.Release|x86.ActiveCfg = Release|Win32
		{8949F4E6-DD42-4783-B5BC-07F825D179C8}.Release|x86.Build.0 = Release|Win32
		{7FE8A136-B87F-4A2A-90AC-065A6D36A610}.Debug|x64.ActiveCfg = Debug|x64
		{7FE8A136-B87F-4A2A-90AC-065A6D36A610}.Debug|x64.Build.0 = Debug|x64
		{7FE8A136-B87F-4A2A-90AC-065A6D36A610}.Debug|x86.ActiveCfg = Debug|Win32
		{7FE8A136-B87F-4A2A-90AC-065A6D36A610}.Debug|x86.Build.0 = Debug|Win32
		{7FE8A136-B87F-4A2A-90AC-065A6D36A610}.Release|x64.ActiveCfg = Release|x64
		{7FE8A136-B87F-4A2A-90AC-065A6D36A610}.Release|x64.Build.0 = Release|x64
		{7FE8A136-B87F-4A2A-90AC-065A6D36A610}.Release|x86.ActiveCfg = Release|Win32
		{7FE8A136-B87F-4A2A-90AC-065A6D36A610}.Release|x86.Build.0 = Release|Win32
		{F0F56B2C-3342-42DA-871E-7E878F857062}.Debug|x64.ActiveCfg = Debug|x64
		{F0F56B2C-3342-42DA-871E-7E878F857062}.Debug|x64.Build.0 = Debug|x64
		{F0F56B2C-3342-42DA-871E-7E878F857062}.Debug|x86.ActiveCfg = Debug|Win32
		{F0F56B2C-3342-42DA-871E-7E878F857062}.Debug|x86.Build.0 = Debug|Win32
		{F0F56B2C-3342-42DA-871E-7E878F857062}.Release|x64.ActiveCfg = Release|x64
		{F0F56B2C-3342-42DA-871E-7E878F857062}.Release|x64.Build.0 = Release|x64
		{F0F56B2C-3342-42DA-871E-7E878F857062}.Release|x86.ActiveCfg = Release|Win32
		{F0F56B2C-3342-42DA-871E-7E878F857062}.Release|x86.Build.0 = Release|Win32
		{A93392A6-D8C2-46DD-8045-475F5AE26A58}.Debug|x64.ActiveCfg = Debug|x64
		{A93392A6-D8C2-46DD-8045-475F5AE26A58}.Debug|x64.Build.0 = Debug|x64
		{A93392A6-D8C2-46DD-8045-475F5AE26A58}.Debug|x86.ActiveCfg = Debug|Win32
		{A93392A6-D8C2-46DD-8045-475F5AE26A58}.Debug|x86.Build.0 = Debug|Win32
		{A93392A6-D8C2-46DD-8045-475F5AE26A58}.Release|x64.ActiveCfg = Release|x64
		{A93392A6-D8C2-46DD-8045-475F5AE26A58}.Release|x64.Build.0 = Release|x64
		{A93392A6-D8C2-46DD-8045-475F5AE26A58}.Release|x86.ActiveCfg = Release|Win32
		{A93392A6-D8C2-46DD-8045-475F5AE26A58}.Release|x86.Build.0 = Release|Win32
		{5E1E3ABE-35C0-4C10-B7F4-4086F3CDE451}.Debug|x64.ActiveCfg = Debug|x64
		{5E1E3ABE-35C0-4C10-B7F4-4086F3CDE451}.Debug|x64.Build.0 = Debug|x64
		{5E1E3ABE-35C0-4C10-B7F4-4086F3CDE451}.Debug|x86.ActiveCfg = Debug|Win32
		{5E1E3ABE-35C0-4C10-B7F4-4086F3CDE451}.Debug|x86.Build.0 = Debug|Win32
		{5E1E3ABE-35C0-4C10-B7F4-4086F3CDE451}.Release|x64.ActiveCfg = Release|x64
		{5E1E3ABE-35C0-4C10-B7F4-4086F3CDE451}.Release|x64.Build.0 = Release|x64
		{5E1E3ABE-35C0-4C10-B7F4-4086F3CDE451}.Release|x86.ActiveCfg = Release|Win32
		{5E1E3ABE-35C0-4C10-B7F4-4086F3CDE451}.Release|x86.Build.0 = Release|Win32
		{747FE9A4-31A3-4847-8F1A-5FF25995571B}.Debug|x64.ActiveCfg = Debug|x64
		{747FE9A4-31A3-4847-8F1A-5FF25995571B}.Debug|x64.Build.0 = Debug|x64
		{747FE9A4-31A3-4847-8F1A-5FF25995571B}.Debug|x86.ActiveCfg = Debug|Win32
		{747FE9A4-31A3-4847-8F1A-5FF25995571B}.Debug|x86.Build.0 = Debug|Win32
		{747FE9A4-31A3-4847-8F1A-5FF25995571B}.Release|x64.ActiveCfg = Release|x64
		{747FE9A4-31A3-4847-8F1A-5FF25995571B}.Release|x64.Build.0 = Release|x64
		{747FE9A4-31A3-4847-8F1A-5FF25995571B}.Release|x86.ActiveCfg = Release|Win32
		{747FE9A4-31A3-4847-8F1A-5FF25995571B}.Release|x86.Build.0 = Release|Win32
	EndGlobalSection
	GlobalSection(SolutionProperties) = preSolution
		HideSolutionNode = FALSE
	EndGlobalSection
	GlobalSection(ExtensibilityGlobals) = postSolution
		SolutionGuid = {226C56FE-9EB0-4822-BB08-E3C5F0061997}
	EndGlobalSection
EndGlobal
